
Microsoft Visual Studio Solution File, Format Version 12.00
# Visual Studio Version 16
VisualStudioVersion = 16.0.30907.101
MinimumVisualStudioVersion = 10.0.40219.1
Project("{FAE04EC0-301F-11D3-BF4B-00C04F79EFBC}") = "DataAccess", "DataAccess\DataAccess.csproj", "{325B1591-257E-4D9A-A76B-6910E76CA1E1}"
EndProject
Project("{FAE04EC0-301F-11D3-BF4B-00C04F79EFBC}") = "Business", "Business\Business.csproj", "{58DC4AFB-6229-4AF2-8599-C9EB8D3ADA92}"
EndProject
Project("{FAE04EC0-301F-11D3-BF4B-00C04F79EFBC}") = "Entities", "Entities\Entities.csproj", "{5975F052-A013-456D-9885-327E3E7B4976}"
EndProject
Project("{FAE04EC0-301F-11D3-BF4B-00C04F79EFBC}") = "ConsoleUI", "ConsoleUI\ConsoleUI.csproj", "{1902CDE9-A1C7-4110-B45C-8FDB454370B0}"
EndProject
Global
	GlobalSection(SolutionConfigurationPlatforms) = preSolution
		Debug|Any CPU = Debug|Any CPU
		Release|Any CPU = Release|Any CPU
	EndGlobalSection
	GlobalSection(ProjectConfigurationPlatforms) = postSolution
		{325B1591-257E-4D9A-A76B-6910E76CA1E1}.Debug|Any CPU.ActiveCfg = Debug|Any CPU
		{325B1591-257E-4D9A-A76B-6910E76CA1E1}.Debug|Any CPU.Build.0 = Debug|Any CPU
		{325B1591-257E-4D9A-A76B-6910E76CA1E1}.Release|Any CPU.ActiveCfg = Release|Any CPU
		{325B1591-257E-4D9A-A76B-6910E76CA1E1}.Release|Any CPU.Build.0 = Release|Any CPU
		{58DC4AFB-6229-4AF2-8599-C9EB8D3ADA92}.Debug|Any CPU.ActiveCfg = Debug|Any CPU
		{58DC4AFB-6229-4AF2-8599-C9EB8D3ADA92}.Debug|Any CPU.Build.0 = Debug|Any CPU
		{58DC4AFB-6229-4AF2-8599-C9EB8D3ADA92}.Release|Any CPU.ActiveCfg = Release|Any CPU
		{58DC4AFB-6229-4AF2-8599-C9EB8D3ADA92}.Release|Any CPU.Build.0 = Release|Any CPU
		{5975F052-A013-456D-9885-327E3E7B4976}.Debug|Any CPU.ActiveCfg = Debug|Any CPU
		{5975F052-A013-456D-9885-327E3E7B4976}.Debug|Any CPU.Build.0 = Debug|Any CPU
		{5975F052-A013-456D-9885-327E3E7B4976}.Release|Any CPU.ActiveCfg = Release|Any CPU
		{5975F052-A013-456D-9885-327E3E7B4976}.Release|Any CPU.Build.0 = Release|Any CPU
		{1902CDE9-A1C7-4110-B45C-8FDB454370B0}.Debug|Any CPU.ActiveCfg = Debug|Any CPU
		{1902CDE9-A1C7-4110-B45C-8FDB454370B0}.Debug|Any CPU.Build.0 = Debug|Any CPU
		{1902CDE9-A1C7-4110-B45C-8FDB454370B0}.Release|Any CPU.ActiveCfg = Release|Any CPU
		{1902CDE9-A1C7-4110-B45C-8FDB454370B0}.Release|Any CPU.Build.0 = Release|Any CPU
	EndGlobalSection
	GlobalSection(SolutionProperties) = preSolution
		HideSolutionNode = FALSE
	EndGlobalSection
	GlobalSection(ExtensibilityGlobals) = postSolution
		SolutionGuid = {A8470611-68F0-40FE-B38C-3677DC547C3E}
	EndGlobalSection
EndGlobal
